{
  "name": "@selab-2/groep-1-orm",
  "version": "1.0.18",
  "lockfileVersion": 3,
  "requires": true,
  "packages": {
    "": {
      "name": "@selab-2/groep-1-orm",
      "version": "1.0.18",
      "license": "ISC",
      "dependencies": {
        "@prisma/client": "^4.14.0",
        "dotenv": "^16.0.3"
      },
      "devDependencies": {
        "prisma": "^5.0.0"
      }
    },
    "node_modules/@prisma/client": {
      "version": "4.14.0",
      "resolved": "https://registry.npmjs.org/@prisma/client/-/client-4.14.0.tgz",
      "integrity": "sha512-MK/XaA2sFdfaOa7I9MjNKz6dxeIEdeZlnpNRoF2w3JuRLlFJLkpp6cD3yaqw2nUUhbrn3Iqe3ZpVV+VuGGil7Q==",
      "hasInstallScript": true,
      "dependencies": {
        "@prisma/engines-version": "4.14.0-67.d9a4c5988f480fa576d43970d5a23641aa77bc9c"
      },
      "engines": {
        "node": ">=14.17"
      },
      "peerDependencies": {
        "prisma": "*"
      },
      "peerDependenciesMeta": {
        "prisma": {
          "optional": true
        }
      }
    },
    "node_modules/@prisma/engines": {
      "version": "5.0.0",
      "resolved": "https://registry.npmjs.org/@prisma/engines/-/engines-5.0.0.tgz",
      "integrity": "sha512-kyT/8fd0OpWmhAU5YnY7eP31brW1q1YrTGoblWrhQJDiN/1K+Z8S1kylcmtjqx5wsUGcP1HBWutayA/jtyt+sg==",
      "devOptional": true,
      "hasInstallScript": true
    },
    "node_modules/@prisma/engines-version": {
      "version": "4.14.0-67.d9a4c5988f480fa576d43970d5a23641aa77bc9c",
      "resolved": "https://registry.npmjs.org/@prisma/engines-version/-/engines-version-4.14.0-67.d9a4c5988f480fa576d43970d5a23641aa77bc9c.tgz",
      "integrity": "sha512-3jum8/YSudeSN0zGW5qkpz+wAN2V/NYCQ+BPjvHYDfWatLWlQkqy99toX0GysDeaUoBIJg1vaz2yKqiA3CFcQw=="
    },
    "node_modules/dotenv": {
      "version": "16.0.3",
      "license": "BSD-2-Clause",
      "engines": {
        "node": ">=12"
      }
    },
    "node_modules/prisma": {
      "version": "5.0.0",
      "resolved": "https://registry.npmjs.org/prisma/-/prisma-5.0.0.tgz",
      "integrity": "sha512-KYWk83Fhi1FH59jSpavAYTt2eoMVW9YKgu8ci0kuUnt6Dup5Qy47pcB4/TLmiPAbhGrxxSz7gsSnJcCmkyPANA==",
      "devOptional": true,
      "hasInstallScript": true,
      "dependencies": {
        "@prisma/engines": "5.0.0"
      },
      "bin": {
        "prisma": "build/index.js"
      },
      "engines": {
        "node": ">=16.13"
      }
    }
  }
}
